Microsoft Visual Studio Solution File, Format Version 12.00
# Visual Studio Version 17
VisualStudioVersion = 17.5.2.0
MinimumVisualStudioVersion = 10.0.40219.1
Project("{FAE04EC0-301F-11D3-BF4B-00C04F79EFBC}") = "DotMoney.API", "DotMoney.API.csproj", "{0B77B24B-674D-A0EB-E7DA-931C021F1180}"
EndProject
Global
	GlobalSection(SolutionConfigurationPlatforms) = preSolution
		Debug|Any CPU = Debug|Any CPU
		Release|Any CPU = Release|Any CPU
	EndGlobalSection
	GlobalSection(ProjectConfigurationPlatforms) = postSolution
		{0B77B24B-674D-A0EB-E7DA-931C021F1180}.Debug|Any CPU.ActiveCfg = Debug|Any CPU
		{0B77B24B-674D-A0EB-E7DA-931C021F1180}.Debug|Any CPU.Build.0 = Debug|Any CPU
		{0B77B24B-674D-A0EB-E7DA-931C021F1180}.Release|Any CPU.ActiveCfg = Release|Any CPU
		{0B77B24B-674D-A0EB-E7DA-931C021F1180}.Release|Any CPU.Build.0 = Release|Any CPU
	EndGlobalSection
	GlobalSection(SolutionProperties) = preSolution
		HideSolutionNode = FALSE
	EndGlobalSection
	GlobalSection(ExtensibilityGlobals) = postSolution
<<<<<<< Updated upstream
		SolutionGuid = {D443B99F-2445-4A41-9628-40D0F5CACBB4}
=======
		SolutionGuid = {388506EB-EDA6-4C32-A431-00B5B7CCA388}
>>>>>>> Stashed changes
	EndGlobalSection
EndGlobal
